
Microsoft Visual Studio Solution File, Format Version 12.00
# Visual Studio Version 17
VisualStudioVersion = 17.11.35303.130
MinimumVisualStudioVersion = 10.0.40219.1
Project("{FAE04EC0-301F-11D3-BF4B-00C04F79EFBC}") = "Day 6", "Day 6\Day 6.csproj", "{CEC8CD57-26D4-4AC5-98AB-7218BC8BEA5B}"
EndProject
Global
	GlobalSection(SolutionConfigurationPlatforms) = preSolution
		Debug|Any CPU = Debug|Any CPU
		Release|Any CPU = Release|Any CPU
	EndGlobalSection
	GlobalSection(ProjectConfigurationPlatforms) = postSolution
		{CEC8CD57-26D4-4AC5-98AB-7218BC8BEA5B}.Debug|Any CPU.ActiveCfg = Debug|Any CPU
		{CEC8CD57-26D4-4AC5-98AB-7218BC8BEA5B}.Debug|Any CPU.Build.0 = Debug|Any CPU
		{CEC8CD57-26D4-4AC5-98AB-7218BC8BEA5B}.Release|Any CPU.ActiveCfg = Release|Any CPU
		{CEC8CD57-26D4-4AC5-98AB-7218BC8BEA5B}.Release|Any CPU.Build.0 = Release|Any CPU
	EndGlobalSection
	GlobalSection(SolutionProperties) = preSolution
		HideSolutionNode = FALSE
	EndGlobalSection
	GlobalSection(ExtensibilityGlobals) = postSolution
		SolutionGuid = {F11FDE87-2FCB-4BD8-93FB-359B90E7C6EC}
	EndGlobalSection
EndGlobal
